
Microsoft Visual Studio Solution File, Format Version 12.00
# Visual Studio 15
VisualStudioVersion = 15.0.28307.421
MinimumVisualStudioVersion = 10.0.40219.1
Project("{FAE04EC0-301F-11D3-BF4B-00C04F79EFBC}") = "Composition", "Composition\Composition.csproj", "{A79249D1-AA70-46DF-930A-AE22200A5D09}"
EndProject
Global
	GlobalSection(SolutionConfigurationPlatforms) = preSolution
		Debug|Any CPU = Debug|Any CPU
		Release|Any CPU = Release|Any CPU
	EndGlobalSection
	GlobalSection(ProjectConfigurationPlatforms) = postSolution
		{A79249D1-AA70-46DF-930A-AE22200A5D09}.Debug|Any CPU.ActiveCfg = Debug|Any CPU
		{A79249D1-AA70-46DF-930A-AE22200A5D09}.Debug|Any CPU.Build.0 = Debug|Any CPU
		{A79249D1-AA70-46DF-930A-AE22200A5D09}.Release|Any CPU.ActiveCfg = Release|Any CPU
		{A79249D1-AA70-46DF-930A-AE22200A5D09}.Release|Any CPU.Build.0 = Release|Any CPU
	EndGlobalSection
	GlobalSection(SolutionProperties) = preSolution
		HideSolutionNode = FALSE
	EndGlobalSection
	GlobalSection(ExtensibilityGlobals) = postSolution
		SolutionGuid = {B401BE37-0920-46A0-80B7-1362EB4CC20E}
	EndGlobalSection
EndGlobal
